
Microsoft Visual Studio Solution File, Format Version 12.00
# Visual Studio Version 17
VisualStudioVersion = 17.7.34003.232
MinimumVisualStudioVersion = 10.0.40219.1
Project("{9A19103F-16F7-4668-BE54-9A1E7A4F7556}") = "HouseRent.Server", "HouseRent\Server\HouseRent.Server.csproj", "{392889AD-ECA6-46C3-A7E4-AE3559EE7A49}"
EndProject
Project("{9A19103F-16F7-4668-BE54-9A1E7A4F7556}") = "HouseRent.Client", "HouseRent\Client\HouseRent.Client.csproj", "{7295BAF5-3F69-4EE5-93C5-6A4EEBC439AE}"
EndProject
Project("{9A19103F-16F7-4668-BE54-9A1E7A4F7556}") = "HouseRent.Shared", "HouseRent\Shared\HouseRent.Shared.csproj", "{4E7EA0BF-A68C-4B4B-B26D-F0F4A414DF0D}"
EndProject
Global
	GlobalSection(SolutionConfigurationPlatforms) = preSolution
		Debug|Any CPU = Debug|Any CPU
		Release|Any CPU = Release|Any CPU
	EndGlobalSection
	GlobalSection(ProjectConfigurationPlatforms) = postSolution
		{392889AD-ECA6-46C3-A7E4-AE3559EE7A49}.Debug|Any CPU.ActiveCfg = Debug|Any CPU
		{392889AD-ECA6-46C3-A7E4-AE3559EE7A49}.Debug|Any CPU.Build.0 = Debug|Any CPU
		{392889AD-ECA6-46C3-A7E4-AE3559EE7A49}.Release|Any CPU.ActiveCfg = Release|Any CPU
		{392889AD-ECA6-46C3-A7E4-AE3559EE7A49}.Release|Any CPU.Build.0 = Release|Any CPU
		{7295BAF5-3F69-4EE5-93C5-6A4EEBC439AE}.Debug|Any CPU.ActiveCfg = Debug|Any CPU
		{7295BAF5-3F69-4EE5-93C5-6A4EEBC439AE}.Debug|Any CPU.Build.0 = Debug|Any CPU
		{7295BAF5-3F69-4EE5-93C5-6A4EEBC439AE}.Release|Any CPU.ActiveCfg = Release|Any CPU
		{7295BAF5-3F69-4EE5-93C5-6A4EEBC439AE}.Release|Any CPU.Build.0 = Release|Any CPU
		{4E7EA0BF-A68C-4B4B-B26D-F0F4A414DF0D}.Debug|Any CPU.ActiveCfg = Debug|Any CPU
		{4E7EA0BF-A68C-4B4B-B26D-F0F4A414DF0D}.Debug|Any CPU.Build.0 = Debug|Any CPU
		{4E7EA0BF-A68C-4B4B-B26D-F0F4A414DF0D}.Release|Any CPU.ActiveCfg = Release|Any CPU
		{4E7EA0BF-A68C-4B4B-B26D-F0F4A414DF0D}.Release|Any CPU.Build.0 = Release|Any CPU
	EndGlobalSection
	GlobalSection(SolutionProperties) = preSolution
		HideSolutionNode = FALSE
	EndGlobalSection
	GlobalSection(ExtensibilityGlobals) = postSolution
		SolutionGuid = {EF119927-9951-4BF1-A678-CFF2C73C8650}
	EndGlobalSection
EndGlobal
